
Microsoft Visual Studio Solution File, Format Version 12.00
# Visual Studio 15
VisualStudioVersion = 15.0.27703.2035
MinimumVisualStudioVersion = 10.0.40219.1
Project("{FAE04EC0-301F-11D3-BF4B-00C04F79EFBC}") = "HelloWorld1", "HelloWorld1\HelloWorld1.csproj", "{04079925-1DB5-4FA1-9B49-1B695475DCBA}"
EndProject
Global
	GlobalSection(SolutionConfigurationPlatforms) = preSolution
		Debug|Any CPU = Debug|Any CPU
		Release|Any CPU = Release|Any CPU
	EndGlobalSection
	GlobalSection(ProjectConfigurationPlatforms) = postSolution
		{04079925-1DB5-4FA1-9B49-1B695475DCBA}.Debug|Any CPU.ActiveCfg = Debug|Any CPU
		{04079925-1DB5-4FA1-9B49-1B695475DCBA}.Debug|Any CPU.Build.0 = Debug|Any CPU
		{04079925-1DB5-4FA1-9B49-1B695475DCBA}.Release|Any CPU.ActiveCfg = Release|Any CPU
		{04079925-1DB5-4FA1-9B49-1B695475DCBA}.Release|Any CPU.Build.0 = Release|Any CPU
	EndGlobalSection
	GlobalSection(SolutionProperties) = preSolution
		HideSolutionNode = FALSE
	EndGlobalSection
	GlobalSection(ExtensibilityGlobals) = postSolution
		SolutionGuid = {2B6E9C23-CFBE-482B-86E5-A56CB2C0C4DC}
	EndGlobalSection
EndGlobal
